{
  "nodes": {
    "nixpkgs": {
      "locked": {
        "lastModified": 1639891440,
        "narHash": "sha256-FJxa6ObwOQKZy3VhwN5bJRzX+MV/Yq9WLHK/4jlPKrs=",
        "owner": "NixOS",
        "repo": "nixpkgs",
        "rev": "e6377ff35544226392b49fa2cf05590f9f0c4b43",
        "type": "github"
      },
      "original": {
        "owner": "NixOS",
        "repo": "nixpkgs",
        "rev": "e6377ff35544226392b49fa2cf05590f9f0c4b43",
        "type": "github"
      }
    },
    "root": {
      "inputs": {
        "nixpkgs": "nixpkgs"
      }
    }
  },
  "root": "root",
  "version": 7
}
